
Microsoft Visual Studio Solution File, Format Version 12.00
# Visual Studio Version 16
VisualStudioVersion = 16.0.29519.87
MinimumVisualStudioVersion = 10.0.40219.1
Project("{FAE04EC0-301F-11D3-BF4B-00C04F79EFBC}") = "KGEU.InformationSystem", "KGEU.InformationSystem\KGEU.InformationSystem.csproj", "{3A5D274C-DDBC-40D2-A91F-9C1537A4A35A}"
EndProject
Project("{FAE04EC0-301F-11D3-BF4B-00C04F79EFBC}") = "Test", "Test\Test.csproj", "{DBBA17E2-9929-4967-976C-3AD54DC5E32A}"
EndProject
Project("{FAE04EC0-301F-11D3-BF4B-00C04F79EFBC}") = "KGEU.InformationSystem.XMLDocCreator", "KGEU.InformationSystem.XMLEditor\KGEU.InformationSystem.XMLDocCreator.csproj", "{51A5E11B-D830-429E-9628-78874BA19D1E}"
EndProject
Global
	GlobalSection(SolutionConfigurationPlatforms) = preSolution
		Debug|Any CPU = Debug|Any CPU
		Release|Any CPU = Release|Any CPU
	EndGlobalSection
	GlobalSection(ProjectConfigurationPlatforms) = postSolution
		{3A5D274C-DDBC-40D2-A91F-9C1537A4A35A}.Debug|Any CPU.ActiveCfg = Debug|Any CPU
		{3A5D274C-DDBC-40D2-A91F-9C1537A4A35A}.Debug|Any CPU.Build.0 = Debug|Any CPU
		{3A5D274C-DDBC-40D2-A91F-9C1537A4A35A}.Release|Any CPU.ActiveCfg = Release|Any CPU
		{3A5D274C-DDBC-40D2-A91F-9C1537A4A35A}.Release|Any CPU.Build.0 = Release|Any CPU
		{DBBA17E2-9929-4967-976C-3AD54DC5E32A}.Debug|Any CPU.ActiveCfg = Debug|Any CPU
		{DBBA17E2-9929-4967-976C-3AD54DC5E32A}.Debug|Any CPU.Build.0 = Debug|Any CPU
		{DBBA17E2-9929-4967-976C-3AD54DC5E32A}.Release|Any CPU.ActiveCfg = Release|Any CPU
		{DBBA17E2-9929-4967-976C-3AD54DC5E32A}.Release|Any CPU.Build.0 = Release|Any CPU
		{51A5E11B-D830-429E-9628-78874BA19D1E}.Debug|Any CPU.ActiveCfg = Debug|Any CPU
		{51A5E11B-D830-429E-9628-78874BA19D1E}.Debug|Any CPU.Build.0 = Debug|Any CPU
		{51A5E11B-D830-429E-9628-78874BA19D1E}.Release|Any CPU.ActiveCfg = Release|Any CPU
		{51A5E11B-D830-429E-9628-78874BA19D1E}.Release|Any CPU.Build.0 = Release|Any CPU
	EndGlobalSection
	GlobalSection(SolutionProperties) = preSolution
		HideSolutionNode = FALSE
	EndGlobalSection
	GlobalSection(ExtensibilityGlobals) = postSolution
		SolutionGuid = {2B3E3DD1-E6FC-4D88-A627-4F8B985E2113}
	EndGlobalSection
EndGlobal
